dependencies:
- name: grafana
  repository: https://grafana.github.io/helm-charts
  version: 8.15.0
- name: mosquitto
  repository: file://subcharts/mosquitto
  version: 0.1.0
- name: kairosdb
  repository: file://subcharts/kairosdb
  version: 0.1.0
- name: mqtt2kairosdb
  repository: file://subcharts/mqtt2kairosdb
  version: 0.1.0
- name: random-pub
  repository: file://subcharts/random-pub
  version: 0.1.0
- name: examon-server
  repository: file://subcharts/examon-server
  version: 0.1.0
digest: sha256:a068aca56afcd909fc980ba9b4b13e84f8f07f5e7e916c9d857450a33386f166
generated: "2026-03-25T19:10:29.668390084Z"
